
Microsoft Visual Studio Solution File, Format Version 12.00
# Visual Studio 14
VisualStudioVersion = 14.0.25123.0
MinimumVisualStudioVersion = 10.0.40219.1
Project("{2150E333-8FDC-42A3-9474-1A3956D46DE8}") = "001_Creational", "001_Creational", "{22D32260-06B5-450C-86C6-AFDBA14EE3A4}"
EndProject
Project("{2150E333-8FDC-42A3-9474-1A3956D46DE8}") = "002_Structural", "002_Structural", "{A0F843AF-BD56-43F5-BB93-13F3C38ACACB}"
EndProject
Project("{2150E333-8FDC-42A3-9474-1A3956D46DE8}") = "003_Behavioral", "003_Behavioral", "{BBE56756-A05E-4671-8508-409F203AB308}"
EndProject
Project("{2150E333-8FDC-42A3-9474-1A3956D46DE8}") = "001_AbstractFactory", "001_AbstractFactory", "{39AA607D-BFC3-47AB-B9AD-0686B18C300E}"
	ProjectSection(SolutionItems) = preProject
		AbstractFactory_Desc.txt = AbstractFactory_Desc.txt
	EndProjectSection
EndProject
Project("{2150E333-8FDC-42A3-9474-1A3956D46DE8}") = "002_Builder", "002_Builder", "{F46BD001-87D6-4FF7-8626-52057295FE8E}"
	ProjectSection(SolutionItems) = preProject
		Builder_Desc.txt = Builder_Desc.txt
	EndProjectSection
EndProject
Project("{2150E333-8FDC-42A3-9474-1A3956D46DE8}") = "003_FactoryMethod", "003_FactoryMethod", "{F606C99A-42C1-4FD9-8BA0-941AC9BA6289}"
	ProjectSection(SolutionItems) = preProject
		FactoryMethod_Desc.txt = FactoryMethod_Desc.txt
	EndProjectSection
EndProject
Project("{2150E333-8FDC-42A3-9474-1A3956D46DE8}") = "004_Prototype", "004_Prototype", "{CB71A180-64EB-46B0-8F2B-60F89DDA8FC9}"
	ProjectSection(SolutionItems) = preProject
		Prototype_Desc.txt = Prototype_Desc.txt
	EndProjectSection
EndProject
Project("{2150E333-8FDC-42A3-9474-1A3956D46DE8}") = "005_Singleton", "005_Singleton", "{677F279A-4B81-4C76-BADC-7B76062782CD}"
	ProjectSection(SolutionItems) = preProject
		Singleton_Desc.txt = Singleton_Desc.txt
	EndProjectSection
EndProject
Project("{2150E333-8FDC-42A3-9474-1A3956D46DE8}") = "BasicStructure", "BasicStructure", "{B6CF62B2-C195-469A-9F6E-BF973D099D4C}"
EndProject
Project("{2150E333-8FDC-42A3-9474-1A3956D46DE8}") = "CBS_implementations", "CBS_implementations", "{E7255C02-93F2-41AB-84F9-13AB063FDEF6}"
EndProject
Project("{2150E333-8FDC-42A3-9474-1A3956D46DE8}") = "BasicStructure", "BasicStructure", "{C613A0A2-B2CF-4770-86A8-DFE057E39ECD}"
EndProject
Project("{2150E333-8FDC-42A3-9474-1A3956D46DE8}") = "BasicStructure", "BasicStructure", "{7C31809F-B1A3-4766-A20A-AC4B2A926B57}"
EndProject
Project("{2150E333-8FDC-42A3-9474-1A3956D46DE8}") = "BasicStructure", "BasicStructure", "{1E3B4151-21B6-4A42-A1E6-93DB8FF9D4B4}"
EndProject
Project("{2150E333-8FDC-42A3-9474-1A3956D46DE8}") = "BasicStructure", "BasicStructure", "{FA1F8CDA-2499-4AB3-BA7E-210C882E8966}"
EndProject
Project("{2150E333-8FDC-42A3-9474-1A3956D46DE8}") = "CBS_implementations", "CBS_implementations", "{32325429-C645-44D2-A358-0C970DA419F1}"
EndProject
Project("{2150E333-8FDC-42A3-9474-1A3956D46DE8}") = "CBS_implementations", "CBS_implementations", "{CAE2DBE5-3D9F-4216-A255-FC6C99CDB1A3}"
EndProject
Project("{2150E333-8FDC-42A3-9474-1A3956D46DE8}") = "CBS_implementations", "CBS_implementations", "{5AEDE21D-71C6-41FE-BAD1-94E4DC2E5E7B}"
EndProject
Project("{2150E333-8FDC-42A3-9474-1A3956D46DE8}") = "CBS_implementations", "CBS_implementations", "{2441FABE-EA6E-4A31-893A-CE94373F53F3}"
EndProject
Project("{FAE04EC0-301F-11D3-BF4B-00C04F79EFBC}") = "AbstractFactory", "AbstractFactory\AbstractFactory.csproj", "{BC6AB784-CF7B-46F9-8A20-E122B3CAD5DB}"
EndProject
Project("{FAE04EC0-301F-11D3-BF4B-00C04F79EFBC}") = "001_CocaCola_Pepsi_example", "001_CocaCola_Pepsi_example\001_CocaCola_Pepsi_example.csproj", "{0978A6F7-4D35-4C97-9D47-08691F8133B6}"
EndProject
Project("{FAE04EC0-301F-11D3-BF4B-00C04F79EFBC}") = "002_Flexible_example", "002_Flexible_example\002_Flexible_example.csproj", "{BE4EF60A-3382-4D87-8BDC-51CAE2CB1B75}"
EndProject
Project("{FAE04EC0-301F-11D3-BF4B-00C04F79EFBC}") = "003_WidgetFactory_example", "003_WidgetFactory_example\003_WidgetFactory_example.csproj", "{35D4E72F-03FD-4C44-9AF0-B0BA4D0D169E}"
EndProject
Project("{FAE04EC0-301F-11D3-BF4B-00C04F79EFBC}") = "Builder", "Builder\Builder.csproj", "{31A17A2A-E8DB-48E4-8A53-2FA56C637DCB}"
EndProject
Project("{FAE04EC0-301F-11D3-BF4B-00C04F79EFBC}") = "001_HouseBuilder", "001_HouseBuilder\001_HouseBuilder.csproj", "{E98D04BA-8A9F-4BBF-848E-19392C4F3F67}"
EndProject
Project("{FAE04EC0-301F-11D3-BF4B-00C04F79EFBC}") = "002_Document_Converter", "002_RTF Converter\Document_Converter\002_Document_Converter.csproj", "{8BD44479-3F41-4EAA-913E-047ABC118AB8}"
EndProject
Project("{FAE04EC0-301F-11D3-BF4B-00C04F79EFBC}") = "001_Documents", "001_Documents\001_Documents.csproj", "{2F46A475-3971-4CA9-B9B4-C0AA91748B37}"
EndProject
Project("{FAE04EC0-301F-11D3-BF4B-00C04F79EFBC}") = "002_FigureManipulators", "002_FigureManipulators\002_FigureManipulators.csproj", "{3C473B9A-E389-42DA-868E-CC6328566C21}"
EndProject
Project("{FAE04EC0-301F-11D3-BF4B-00C04F79EFBC}") = "003_FM_With_Argument", "003_FM_With_Argument\003_FM_With_Argument.csproj", "{1D8A267D-1FBB-4DD7-BE8A-47D4C5E4EBB2}"
EndProject
Project("{FAE04EC0-301F-11D3-BF4B-00C04F79EFBC}") = "004_FM_in_Constructor", "004_FM_in_Constructor\004_FM_in_Constructor.csproj", "{FE8BFDA1-A48C-4350-8CBA-A595286690EF}"
EndProject
Project("{FAE04EC0-301F-11D3-BF4B-00C04F79EFBC}") = "005_FM_LazyInit", "005_FM_LazyInit\005_FM_LazyInit.csproj", "{48F93794-79D9-4776-B673-3DE29B9B037D}"
EndProject
Project("{FAE04EC0-301F-11D3-BF4B-00C04F79EFBC}") = "006_ServiceLocator", "006_ServiceLocator\006_ServiceLocator.csproj", "{CFE2527F-E344-4C72-B674-73B7698B1925}"
EndProject
Project("{FAE04EC0-301F-11D3-BF4B-00C04F79EFBC}") = "FactoryMethod", "FactoryMethod\FactoryMethod.csproj", "{1BE200B2-2CE3-4A62-83D9-09E39A69D13C}"
EndProject
Project("{FAE04EC0-301F-11D3-BF4B-00C04F79EFBC}") = "FactoryMethod", "007_FM_Generic\FactoryMethod.csproj", "{BA7B77DC-9CD8-4BE7-A29B-221259D3F666}"
EndProject
Project("{FAE04EC0-301F-11D3-BF4B-00C04F79EFBC}") = "Prototype", "Prototype\Prototype.csproj", "{E14A033B-5096-4803-815C-A8A58E27ECB1}"
EndProject
Project("{FAE04EC0-301F-11D3-BF4B-00C04F79EFBC}") = "001_MusicalEditor", "001_MusicalEditor\001_MusicalEditor.csproj", "{48AAB754-DB5D-4247-A1DE-6BFDEE9A2499}"
EndProject
Project("{FAE04EC0-301F-11D3-BF4B-00C04F79EFBC}") = "002_Performance", "002_Performance\002_Performance.csproj", "{077A5797-D1B4-45C1-A368-2B5A3BAD6F9A}"
EndProject
Project("{FAE04EC0-301F-11D3-BF4B-00C04F79EFBC}") = "003_ObjectClass", "003_ObjectClass\003_ObjectClass.csproj", "{AE43ACB0-FD95-42A8-9DE6-3C79833B88BC}"
EndProject
Global
	GlobalSection(SolutionConfigurationPlatforms) = preSolution
		Debug|Any CPU = Debug|Any CPU
		Debug|x86 = Debug|x86
		Release|Any CPU = Release|Any CPU
		Release|x86 = Release|x86
	EndGlobalSection
	GlobalSection(ProjectConfigurationPlatforms) = postSolution
		{BC6AB784-CF7B-46F9-8A20-E122B3CAD5DB}.Debug|Any CPU.ActiveCfg = Debug|Any CPU
		{BC6AB784-CF7B-46F9-8A20-E122B3CAD5DB}.Debug|Any CPU.Build.0 = Debug|Any CPU
		{BC6AB784-CF7B-46F9-8A20-E122B3CAD5DB}.Debug|x86.ActiveCfg = Debug|Any CPU
		{BC6AB784-CF7B-46F9-8A20-E122B3CAD5DB}.Debug|x86.Build.0 = Debug|Any CPU
		{BC6AB784-CF7B-46F9-8A20-E122B3CAD5DB}.Release|Any CPU.ActiveCfg = Release|Any CPU
		{BC6AB784-CF7B-46F9-8A20-E122B3CAD5DB}.Release|Any CPU.Build.0 = Release|Any CPU
		{BC6AB784-CF7B-46F9-8A20-E122B3CAD5DB}.Release|x86.ActiveCfg = Release|Any CPU
		{BC6AB784-CF7B-46F9-8A20-E122B3CAD5DB}.Release|x86.Build.0 = Release|Any CPU
		{0978A6F7-4D35-4C97-9D47-08691F8133B6}.Debug|Any CPU.ActiveCfg = Debug|Any CPU
		{0978A6F7-4D35-4C97-9D47-08691F8133B6}.Debug|Any CPU.Build.0 = Debug|Any CPU
		{0978A6F7-4D35-4C97-9D47-08691F8133B6}.Debug|x86.ActiveCfg = Debug|Any CPU
		{0978A6F7-4D35-4C97-9D47-08691F8133B6}.Debug|x86.Build.0 = Debug|Any CPU
		{0978A6F7-4D35-4C97-9D47-08691F8133B6}.Release|Any CPU.ActiveCfg = Release|Any CPU
		{0978A6F7-4D35-4C97-9D47-08691F8133B6}.Release|Any CPU.Build.0 = Release|Any CPU
		{0978A6F7-4D35-4C97-9D47-08691F8133B6}.Release|x86.ActiveCfg = Release|Any CPU
		{0978A6F7-4D35-4C97-9D47-08691F8133B6}.Release|x86.Build.0 = Release|Any CPU
		{BE4EF60A-3382-4D87-8BDC-51CAE2CB1B75}.Debug|Any CPU.ActiveCfg = Debug|Any CPU
		{BE4EF60A-3382-4D87-8BDC-51CAE2CB1B75}.Debug|Any CPU.Build.0 = Debug|Any CPU
		{BE4EF60A-3382-4D87-8BDC-51CAE2CB1B75}.Debug|x86.ActiveCfg = Debug|Any CPU
		{BE4EF60A-3382-4D87-8BDC-51CAE2CB1B75}.Debug|x86.Build.0 = Debug|Any CPU
		{BE4EF60A-3382-4D87-8BDC-51CAE2CB1B75}.Release|Any CPU.ActiveCfg = Release|Any CPU
		{BE4EF60A-3382-4D87-8BDC-51CAE2CB1B75}.Release|Any CPU.Build.0 = Release|Any CPU
		{BE4EF60A-3382-4D87-8BDC-51CAE2CB1B75}.Release|x86.ActiveCfg = Release|Any CPU
		{BE4EF60A-3382-4D87-8BDC-51CAE2CB1B75}.Release|x86.Build.0 = Release|Any CPU
		{35D4E72F-03FD-4C44-9AF0-B0BA4D0D169E}.Debug|Any CPU.ActiveCfg = Debug|Any CPU
		{35D4E72F-03FD-4C44-9AF0-B0BA4D0D169E}.Debug|Any CPU.Build.0 = Debug|Any CPU
		{35D4E72F-03FD-4C44-9AF0-B0BA4D0D169E}.Debug|x86.ActiveCfg = Debug|Any CPU
		{35D4E72F-03FD-4C44-9AF0-B0BA4D0D169E}.Debug|x86.Build.0 = Debug|Any CPU
		{35D4E72F-03FD-4C44-9AF0-B0BA4D0D169E}.Release|Any CPU.ActiveCfg = Release|Any CPU
		{35D4E72F-03FD-4C44-9AF0-B0BA4D0D169E}.Release|Any CPU.Build.0 = Release|Any CPU
		{35D4E72F-03FD-4C44-9AF0-B0BA4D0D169E}.Release|x86.ActiveCfg = Release|Any CPU
		{35D4E72F-03FD-4C44-9AF0-B0BA4D0D169E}.Release|x86.Build.0 = Release|Any CPU
		{31A17A2A-E8DB-48E4-8A53-2FA56C637DCB}.Debug|Any CPU.ActiveCfg = Debug|Any CPU
		{31A17A2A-E8DB-48E4-8A53-2FA56C637DCB}.Debug|Any CPU.Build.0 = Debug|Any CPU
		{31A17A2A-E8DB-48E4-8A53-2FA56C637DCB}.Debug|x86.ActiveCfg = Debug|Any CPU
		{31A17A2A-E8DB-48E4-8A53-2FA56C637DCB}.Debug|x86.Build.0 = Debug|Any CPU
		{31A17A2A-E8DB-48E4-8A53-2FA56C637DCB}.Release|Any CPU.ActiveCfg = Release|Any CPU
		{31A17A2A-E8DB-48E4-8A53-2FA56C637DCB}.Release|Any CPU.Build.0 = Release|Any CPU
		{31A17A2A-E8DB-48E4-8A53-2FA56C637DCB}.Release|x86.ActiveCfg = Release|Any CPU
		{31A17A2A-E8DB-48E4-8A53-2FA56C637DCB}.Release|x86.Build.0 = Release|Any CPU
		{E98D04BA-8A9F-4BBF-848E-19392C4F3F67}.Debug|Any CPU.ActiveCfg = Debug|Any CPU
		{E98D04BA-8A9F-4BBF-848E-19392C4F3F67}.Debug|Any CPU.Build.0 = Debug|Any CPU
		{E98D04BA-8A9F-4BBF-848E-19392C4F3F67}.Debug|x86.ActiveCfg = Debug|Any CPU
		{E98D04BA-8A9F-4BBF-848E-19392C4F3F67}.Debug|x86.Build.0 = Debug|Any CPU
		{E98D04BA-8A9F-4BBF-848E-19392C4F3F67}.Release|Any CPU.ActiveCfg = Release|Any CPU
		{E98D04BA-8A9F-4BBF-848E-19392C4F3F67}.Release|Any CPU.Build.0 = Release|Any CPU
		{E98D04BA-8A9F-4BBF-848E-19392C4F3F67}.Release|x86.ActiveCfg = Release|Any CPU
		{E98D04BA-8A9F-4BBF-848E-19392C4F3F67}.Release|x86.Build.0 = Release|Any CPU
		{8BD44479-3F41-4EAA-913E-047ABC118AB8}.Debug|Any CPU.ActiveCfg = Debug|Any CPU
		{8BD44479-3F41-4EAA-913E-047ABC118AB8}.Debug|Any CPU.Build.0 = Debug|Any CPU
		{8BD44479-3F41-4EAA-913E-047ABC118AB8}.Debug|x86.ActiveCfg = Debug|Any CPU
		{8BD44479-3F41-4EAA-913E-047ABC118AB8}.Debug|x86.Build.0 = Debug|Any CPU
		{8BD44479-3F41-4EAA-913E-047ABC118AB8}.Release|Any CPU.ActiveCfg = Release|Any CPU
		{8BD44479-3F41-4EAA-913E-047ABC118AB8}.Release|Any CPU.Build.0 = Release|Any CPU
		{8BD44479-3F41-4EAA-913E-047ABC118AB8}.Release|x86.ActiveCfg = Release|Any CPU
		{8BD44479-3F41-4EAA-913E-047ABC118AB8}.Release|x86.Build.0 = Release|Any CPU
		{2F46A475-3971-4CA9-B9B4-C0AA91748B37}.Debug|Any CPU.ActiveCfg = Debug|Any CPU
		{2F46A475-3971-4CA9-B9B4-C0AA91748B37}.Debug|Any CPU.Build.0 = Debug|Any CPU
		{2F46A475-3971-4CA9-B9B4-C0AA91748B37}.Debug|x86.ActiveCfg = Debug|Any CPU
		{2F46A475-3971-4CA9-B9B4-C0AA91748B37}.Debug|x86.Build.0 = Debug|Any CPU
		{2F46A475-3971-4CA9-B9B4-C0AA91748B37}.Release|Any CPU.ActiveCfg = Release|Any CPU
		{2F46A475-3971-4CA9-B9B4-C0AA91748B37}.Release|Any CPU.Build.0 = Release|Any CPU
		{2F46A475-3971-4CA9-B9B4-C0AA91748B37}.Release|x86.ActiveCfg = Release|Any CPU
		{2F46A475-3971-4CA9-B9B4-C0AA91748B37}.Release|x86.Build.0 = Release|Any CPU
		{3C473B9A-E389-42DA-868E-CC6328566C21}.Debug|Any CPU.ActiveCfg = Debug|Any CPU
		{3C473B9A-E389-42DA-868E-CC6328566C21}.Debug|Any CPU.Build.0 = Debug|Any CPU
		{3C473B9A-E389-42DA-868E-CC6328566C21}.Debug|x86.ActiveCfg = Debug|Any CPU
		{3C473B9A-E389-42DA-868E-CC6328566C21}.Debug|x86.Build.0 = Debug|Any CPU
		{3C473B9A-E389-42DA-868E-CC6328566C21}.Release|Any CPU.ActiveCfg = Release|Any CPU
		{3C473B9A-E389-42DA-868E-CC6328566C21}.Release|Any CPU.Build.0 = Release|Any CPU
		{3C473B9A-E389-42DA-868E-CC6328566C21}.Release|x86.ActiveCfg = Release|Any CPU
		{3C473B9A-E389-42DA-868E-CC6328566C21}.Release|x86.Build.0 = Release|Any CPU
		{1D8A267D-1FBB-4DD7-BE8A-47D4C5E4EBB2}.Debug|Any CPU.ActiveCfg = Debug|Any CPU
		{1D8A267D-1FBB-4DD7-BE8A-47D4C5E4EBB2}.Debug|Any CPU.Build.0 = Debug|Any CPU
		{1D8A267D-1FBB-4DD7-BE8A-47D4C5E4EBB2}.Debug|x86.ActiveCfg = Debug|Any CPU
		{1D8A267D-1FBB-4DD7-BE8A-47D4C5E4EBB2}.Debug|x86.Build.0 = Debug|Any CPU
		{1D8A267D-1FBB-4DD7-BE8A-47D4C5E4EBB2}.Release|Any CPU.ActiveCfg = Release|Any CPU
		{1D8A267D-1FBB-4DD7-BE8A-47D4C5E4EBB2}.Release|Any CPU.Build.0 = Release|Any CPU
		{1D8A267D-1FBB-4DD7-BE8A-47D4C5E4EBB2}.Release|x86.ActiveCfg = Release|Any CPU
		{1D8A267D-1FBB-4DD7-BE8A-47D4C5E4EBB2}.Release|x86.Build.0 = Release|Any CPU
		{FE8BFDA1-A48C-4350-8CBA-A595286690EF}.Debug|Any CPU.ActiveCfg = Debug|Any CPU
		{FE8BFDA1-A48C-4350-8CBA-A595286690EF}.Debug|Any CPU.Build.0 = Debug|Any CPU
		{FE8BFDA1-A48C-4350-8CBA-A595286690EF}.Debug|x86.ActiveCfg = Debug|Any CPU
		{FE8BFDA1-A48C-4350-8CBA-A595286690EF}.Debug|x86.Build.0 = Debug|Any CPU
		{FE8BFDA1-A48C-4350-8CBA-A595286690EF}.Release|Any CPU.ActiveCfg = Release|Any CPU
		{FE8BFDA1-A48C-4350-8CBA-A595286690EF}.Release|Any CPU.Build.0 = Release|Any CPU
		{FE8BFDA1-A48C-4350-8CBA-A595286690EF}.Release|x86.ActiveCfg = Release|Any CPU
		{FE8BFDA1-A48C-4350-8CBA-A595286690EF}.Release|x86.Build.0 = Release|Any CPU
		{48F93794-79D9-4776-B673-3DE29B9B037D}.Debug|Any CPU.ActiveCfg = Debug|Any CPU
		{48F93794-79D9-4776-B673-3DE29B9B037D}.Debug|Any CPU.Build.0 = Debug|Any CPU
		{48F93794-79D9-4776-B673-3DE29B9B037D}.Debug|x86.ActiveCfg = Debug|Any CPU
		{48F93794-79D9-4776-B673-3DE29B9B037D}.Debug|x86.Build.0 = Debug|Any CPU
		{48F93794-79D9-4776-B673-3DE29B9B037D}.Release|Any CPU.ActiveCfg = Release|Any CPU
		{48F93794-79D9-4776-B673-3DE29B9B037D}.Release|Any CPU.Build.0 = Release|Any CPU
		{48F93794-79D9-4776-B673-3DE29B9B037D}.Release|x86.ActiveCfg = Release|Any CPU
		{48F93794-79D9-4776-B673-3DE29B9B037D}.Release|x86.Build.0 = Release|Any CPU
		{CFE2527F-E344-4C72-B674-73B7698B1925}.Debug|Any CPU.ActiveCfg = Debug|x86
		{CFE2527F-E344-4C72-B674-73B7698B1925}.Debug|x86.ActiveCfg = Debug|x86
		{CFE2527F-E344-4C72-B674-73B7698B1925}.Debug|x86.Build.0 = Debug|x86
		{CFE2527F-E344-4C72-B674-73B7698B1925}.Release|Any CPU.ActiveCfg = Release|x86
		{CFE2527F-E344-4C72-B674-73B7698B1925}.Release|x86.ActiveCfg = Release|x86
		{CFE2527F-E344-4C72-B674-73B7698B1925}.Release|x86.Build.0 = Release|x86
		{1BE200B2-2CE3-4A62-83D9-09E39A69D13C}.Debug|Any CPU.ActiveCfg = Debug|Any CPU
		{1BE200B2-2CE3-4A62-83D9-09E39A69D13C}.Debug|Any CPU.Build.0 = Debug|Any CPU
		{1BE200B2-2CE3-4A62-83D9-09E39A69D13C}.Debug|x86.ActiveCfg = Debug|Any CPU
		{1BE200B2-2CE3-4A62-83D9-09E39A69D13C}.Debug|x86.Build.0 = Debug|Any CPU
		{1BE200B2-2CE3-4A62-83D9-09E39A69D13C}.Release|Any CPU.ActiveCfg = Release|Any CPU
		{1BE200B2-2CE3-4A62-83D9-09E39A69D13C}.Release|Any CPU.Build.0 = Release|Any CPU
		{1BE200B2-2CE3-4A62-83D9-09E39A69D13C}.Release|x86.ActiveCfg = Release|Any CPU
		{1BE200B2-2CE3-4A62-83D9-09E39A69D13C}.Release|x86.Build.0 = Release|Any CPU
		{BA7B77DC-9CD8-4BE7-A29B-221259D3F666}.Debug|Any CPU.ActiveCfg = Debug|x86
		{BA7B77DC-9CD8-4BE7-A29B-221259D3F666}.Debug|x86.ActiveCfg = Debug|x86
		{BA7B77DC-9CD8-4BE7-A29B-221259D3F666}.Debug|x86.Build.0 = Debug|x86
		{BA7B77DC-9CD8-4BE7-A29B-221259D3F666}.Release|Any CPU.ActiveCfg = Release|x86
		{BA7B77DC-9CD8-4BE7-A29B-221259D3F666}.Release|x86.ActiveCfg = Release|x86
		{BA7B77DC-9CD8-4BE7-A29B-221259D3F666}.Release|x86.Build.0 = Release|x86
		{E14A033B-5096-4803-815C-A8A58E27ECB1}.Debug|Any CPU.ActiveCfg = Debug|Any CPU
		{E14A033B-5096-4803-815C-A8A58E27ECB1}.Debug|Any CPU.Build.0 = Debug|Any CPU
		{E14A033B-5096-4803-815C-A8A58E27ECB1}.Debug|x86.ActiveCfg = Debug|Any CPU
		{E14A033B-5096-4803-815C-A8A58E27ECB1}.Debug|x86.Build.0 = Debug|Any CPU
		{E14A033B-5096-4803-815C-A8A58E27ECB1}.Release|Any CPU.ActiveCfg = Release|Any CPU
		{E14A033B-5096-4803-815C-A8A58E27ECB1}.Release|Any CPU.Build.0 = Release|Any CPU
		{E14A033B-5096-4803-815C-A8A58E27ECB1}.Release|x86.ActiveCfg = Release|Any CPU
		{E14A033B-5096-4803-815C-A8A58E27ECB1}.Release|x86.Build.0 = Release|Any CPU
		{48AAB754-DB5D-4247-A1DE-6BFDEE9A2499}.Debug|Any CPU.ActiveCfg = Debug|Any CPU
		{48AAB754-DB5D-4247-A1DE-6BFDEE9A2499}.Debug|Any CPU.Build.0 = Debug|Any CPU
		{48AAB754-DB5D-4247-A1DE-6BFDEE9A2499}.Debug|x86.ActiveCfg = Debug|Any CPU
		{48AAB754-DB5D-4247-A1DE-6BFDEE9A2499}.Debug|x86.Build.0 = Debug|Any CPU
		{48AAB754-DB5D-4247-A1DE-6BFDEE9A2499}.Release|Any CPU.ActiveCfg = Release|Any CPU
		{48AAB754-DB5D-4247-A1DE-6BFDEE9A2499}.Release|Any CPU.Build.0 = Release|Any CPU
		{48AAB754-DB5D-4247-A1DE-6BFDEE9A2499}.Release|x86.ActiveCfg = Release|Any CPU
		{48AAB754-DB5D-4247-A1DE-6BFDEE9A2499}.Release|x86.Build.0 = Release|Any CPU
		{077A5797-D1B4-45C1-A368-2B5A3BAD6F9A}.Debug|Any CPU.ActiveCfg = Debug|Any CPU
		{077A5797-D1B4-45C1-A368-2B5A3BAD6F9A}.Debug|Any CPU.Build.0 = Debug|Any CPU
		{077A5797-D1B4-45C1-A368-2B5A3BAD6F9A}.Debug|x86.ActiveCfg = Debug|Any CPU
		{077A5797-D1B4-45C1-A368-2B5A3BAD6F9A}.Debug|x86.Build.0 = Debug|Any CPU
		{077A5797-D1B4-45C1-A368-2B5A3BAD6F9A}.Release|Any CPU.ActiveCfg = Release|Any CPU
		{077A5797-D1B4-45C1-A368-2B5A3BAD6F9A}.Release|Any CPU.Build.0 = Release|Any CPU
		{077A5797-D1B4-45C1-A368-2B5A3BAD6F9A}.Release|x86.ActiveCfg = Release|Any CPU
		{077A5797-D1B4-45C1-A368-2B5A3BAD6F9A}.Release|x86.Build.0 = Release|Any CPU
		{AE43ACB0-FD95-42A8-9DE6-3C79833B88BC}.Debug|Any CPU.ActiveCfg = Debug|Any CPU
		{AE43ACB0-FD95-42A8-9DE6-3C79833B88BC}.Debug|Any CPU.Build.0 = Debug|Any CPU
		{AE43ACB0-FD95-42A8-9DE6-3C79833B88BC}.Debug|x86.ActiveCfg = Debug|Any CPU
		{AE43ACB0-FD95-42A8-9DE6-3C79833B88BC}.Debug|x86.Build.0 = Debug|Any CPU
		{AE43ACB0-FD95-42A8-9DE6-3C79833B88BC}.Release|Any CPU.ActiveCfg = Release|Any CPU
		{AE43ACB0-FD95-42A8-9DE6-3C79833B88BC}.Release|Any CPU.Build.0 = Release|Any CPU
		{AE43ACB0-FD95-42A8-9DE6-3C79833B88BC}.Release|x86.ActiveCfg = Release|Any CPU
		{AE43ACB0-FD95-42A8-9DE6-3C79833B88BC}.Release|x86.Build.0 = Release|Any CPU
	EndGlobalSection
	GlobalSection(SolutionProperties) = preSolution
		HideSolutionNode = FALSE
	EndGlobalSection
	GlobalSection(NestedProjects) = preSolution
		{39AA607D-BFC3-47AB-B9AD-0686B18C300E} = {22D32260-06B5-450C-86C6-AFDBA14EE3A4}
		{F46BD001-87D6-4FF7-8626-52057295FE8E} = {22D32260-06B5-450C-86C6-AFDBA14EE3A4}
		{F606C99A-42C1-4FD9-8BA0-941AC9BA6289} = {22D32260-06B5-450C-86C6-AFDBA14EE3A4}
		{CB71A180-64EB-46B0-8F2B-60F89DDA8FC9} = {22D32260-06B5-450C-86C6-AFDBA14EE3A4}
		{677F279A-4B81-4C76-BADC-7B76062782CD} = {22D32260-06B5-450C-86C6-AFDBA14EE3A4}
		{B6CF62B2-C195-469A-9F6E-BF973D099D4C} = {677F279A-4B81-4C76-BADC-7B76062782CD}
		{E7255C02-93F2-41AB-84F9-13AB063FDEF6} = {677F279A-4B81-4C76-BADC-7B76062782CD}
		{C613A0A2-B2CF-4770-86A8-DFE057E39ECD} = {CB71A180-64EB-46B0-8F2B-60F89DDA8FC9}
		{7C31809F-B1A3-4766-A20A-AC4B2A926B57} = {F606C99A-42C1-4FD9-8BA0-941AC9BA6289}
		{1E3B4151-21B6-4A42-A1E6-93DB8FF9D4B4} = {F46BD001-87D6-4FF7-8626-52057295FE8E}
		{FA1F8CDA-2499-4AB3-BA7E-210C882E8966} = {39AA607D-BFC3-47AB-B9AD-0686B18C300E}
		{32325429-C645-44D2-A358-0C970DA419F1} = {CB71A180-64EB-46B0-8F2B-60F89DDA8FC9}
		{CAE2DBE5-3D9F-4216-A255-FC6C99CDB1A3} = {F606C99A-42C1-4FD9-8BA0-941AC9BA6289}
		{5AEDE21D-71C6-41FE-BAD1-94E4DC2E5E7B} = {F46BD001-87D6-4FF7-8626-52057295FE8E}
		{2441FABE-EA6E-4A31-893A-CE94373F53F3} = {39AA607D-BFC3-47AB-B9AD-0686B18C300E}
		{BC6AB784-CF7B-46F9-8A20-E122B3CAD5DB} = {FA1F8CDA-2499-4AB3-BA7E-210C882E8966}
		{0978A6F7-4D35-4C97-9D47-08691F8133B6} = {2441FABE-EA6E-4A31-893A-CE94373F53F3}
		{BE4EF60A-3382-4D87-8BDC-51CAE2CB1B75} = {2441FABE-EA6E-4A31-893A-CE94373F53F3}
		{35D4E72F-03FD-4C44-9AF0-B0BA4D0D169E} = {2441FABE-EA6E-4A31-893A-CE94373F53F3}
		{31A17A2A-E8DB-48E4-8A53-2FA56C637DCB} = {1E3B4151-21B6-4A42-A1E6-93DB8FF9D4B4}
		{E98D04BA-8A9F-4BBF-848E-19392C4F3F67} = {5AEDE21D-71C6-41FE-BAD1-94E4DC2E5E7B}
		{8BD44479-3F41-4EAA-913E-047ABC118AB8} = {5AEDE21D-71C6-41FE-BAD1-94E4DC2E5E7B}
		{2F46A475-3971-4CA9-B9B4-C0AA91748B37} = {CAE2DBE5-3D9F-4216-A255-FC6C99CDB1A3}
		{3C473B9A-E389-42DA-868E-CC6328566C21} = {CAE2DBE5-3D9F-4216-A255-FC6C99CDB1A3}
		{1D8A267D-1FBB-4DD7-BE8A-47D4C5E4EBB2} = {CAE2DBE5-3D9F-4216-A255-FC6C99CDB1A3}
		{FE8BFDA1-A48C-4350-8CBA-A595286690EF} = {CAE2DBE5-3D9F-4216-A255-FC6C99CDB1A3}
		{48F93794-79D9-4776-B673-3DE29B9B037D} = {CAE2DBE5-3D9F-4216-A255-FC6C99CDB1A3}
		{CFE2527F-E344-4C72-B674-73B7698B1925} = {CAE2DBE5-3D9F-4216-A255-FC6C99CDB1A3}
		{1BE200B2-2CE3-4A62-83D9-09E39A69D13C} = {7C31809F-B1A3-4766-A20A-AC4B2A926B57}
		{BA7B77DC-9CD8-4BE7-A29B-221259D3F666} = {CAE2DBE5-3D9F-4216-A255-FC6C99CDB1A3}
		{E14A033B-5096-4803-815C-A8A58E27ECB1} = {C613A0A2-B2CF-4770-86A8-DFE057E39ECD}
		{48AAB754-DB5D-4247-A1DE-6BFDEE9A2499} = {32325429-C645-44D2-A358-0C970DA419F1}
		{077A5797-D1B4-45C1-A368-2B5A3BAD6F9A} = {32325429-C645-44D2-A358-0C970DA419F1}
		{AE43ACB0-FD95-42A8-9DE6-3C79833B88BC} = {32325429-C645-44D2-A358-0C970DA419F1}
	EndGlobalSection
EndGlobal
